<?xml version="1.0" encoding="UTF-8" standalone="yes" ?>
<CodeBlocks_project_file>
	<FileVersion major="1" minor="6" />
	<Project>
		<Option title="ParcialProgramacion" />
		<Option pch_mode="2" />
		<Option compiler="gcc" />
		<Build>
			<Target title="Debug">
				<Option output="bin/Debug/ParcialProgramacion" prefix_auto="1" extension_auto="1" />
				<Option object_output="obj/Debug/" />
				<Option type="1" />
				<Option compiler="gcc" />
				<Compiler>
					<Add option="-g" />
				</Compiler>
			</Target>
			<Target title="Release">
				<Option output="bin/Release/ParcialProgramacion" prefix_auto="1" extension_auto="1" />
				<Option object_output="obj/Release/" />
				<Option type="1" />
				<Option compiler="gcc" />
				<Compiler>
					<Add option="-O2" />
				</Compiler>
				<Linker>
					<Add option="-s" />
				</Linker>
			</Target>
		</Build>
		<Compiler>
			<Add option="-Wall" />
		</Compiler>
		<Unit filename="Bicicleta.c">
			<Option compilerVar="CC" />
		</Unit>
		<Unit filename="Bicicleta.h" />
		<Unit filename="Color.c">
			<Option compilerVar="CC" />
		</Unit>
		<Unit filename="Color.h" />
		<Unit filename="Common.c">
			<Option compilerVar="CC" />
		</Unit>
		<Unit filename="Common.h" />
		<Unit filename="DataStore.h" />
		<Unit filename="DataStoreTrabajos.h" />
		<Unit filename="Fecha.c">
			<Option compilerVar="CC" />
		</Unit>
		<Unit filename="Fecha.h" />
		<Unit filename="Servicios.c">
			<Option compilerVar="CC" />
		</Unit>
		<Unit filename="Servicios.h" />
		<Unit filename="Tipo.c">
			<Option compilerVar="CC" />
		</Unit>
		<Unit filename="Tipo.h" />
		<Unit filename="Trabajo.c">
			<Option compilerVar="CC" />
		</Unit>
		<Unit filename="Trabajo.h" />
		<Unit filename="Validaciones.c">
			<Option compilerVar="CC" />
		</Unit>
		<Unit filename="Validaciones.h" />
		<Unit filename="main.c">
			<Option compilerVar="CC" />
		</Unit>
		<Extensions />
	</Project>
</CodeBlocks_project_file>
